// !$*UTF8*$!
{
	archiveVersion = 1;
	classes = {
	};
	objectVersion = 50;
	objects = {

/* Begin PBXBuildFile section */
		D4020CE4B373E5A06DD00287 /* Pods_Instagram_Clone.framework in Frameworks */ = {isa = PBXBuildFile; fileRef = 2929B5FDCCA2CF6A112DD33D /* Pods_Instagram_Clone.framework */; };
		DC261D402220265900A06218 /* Protocols.swift in Sources */ = {isa = PBXBuildFile; fileRef = DC261D3F2220265900A06218 /* Protocols.swift */; };
		DC5A2C2A223A7E36007BB7C2 /* MessagesVC.swift in Sources */ = {isa = PBXBuildFile; fileRef = DC5A2C29223A7E36007BB7C2 /* MessagesVC.swift */; };
		DC5A2C2C223A8046007BB7C2 /* MessageCell.swift in Sources */ = {isa = PBXBuildFile; fileRef = DC5A2C2B223A8046007BB7C2 /* MessageCell.swift */; };
		DC5A2C2F223A8828007BB7C2 /* NewMessageVC.swift in Sources */ = {isa = PBXBuildFile; fileRef = DC5A2C2E223A8828007BB7C2 /* NewMessageVC.swift */; };
		DC5A2C31223A88DE007BB7C2 /* NewMessageCell.swift in Sources */ = {isa = PBXBuildFile; fileRef = DC5A2C30223A88DE007BB7C2 /* NewMessageCell.swift */; };
		DC5A2C33223A9145007BB7C2 /* Message.swift in Sources */ = {isa = PBXBuildFile; fileRef = DC5A2C32223A9145007BB7C2 /* Message.swift */; };
		DC5A2C35223A9349007BB7C2 /* ChatVC.swift in Sources */ = {isa = PBXBuildFile; fileRef = DC5A2C34223A9349007BB7C2 /* ChatVC.swift */; };
		DC5A2C37223A94AA007BB7C2 /* ChatCell.swift in Sources */ = {isa = PBXBuildFile; fileRef = DC5A2C36223A94AA007BB7C2 /* ChatCell.swift */; };
		DC5A2C39223B0BED007BB7C2 /* UIColor-Extension.swift in Sources */ = {isa = PBXBuildFile; fileRef = DC5A2C38223B0BED007BB7C2 /* UIColor-Extension.swift */; };
		DC5A469A223FF4E000991636 /* HashtagVC.swift in Sources */ = {isa = PBXBuildFile; fileRef = DC5A4699223FF4E000991636 /* HashtagVC.swift */; };
		DC5A469C223FF6D400991636 /* HashtagCell.swift in Sources */ = {isa = PBXBuildFile; fileRef = DC5A469B223FF6D400991636 /* HashtagCell.swift */; };
		DC5A469E22403B6900991636 /* UIViewController-Extension.swift in Sources */ = {isa = PBXBuildFile; fileRef = DC5A469D22403B6900991636 /* UIViewController-Extension.swift */; };
		DC7571DC22103267005EDFFE /* AppDelegate.swift in Sources */ = {isa = PBXBuildFile; fileRef = DC7571DB22103267005EDFFE /* AppDelegate.swift */; };
		DC7571E122103267005EDFFE /* Main.storyboard in Resources */ = {isa = PBXBuildFile; fileRef = DC7571DF22103267005EDFFE /* Main.storyboard */; };
		DC7571E322103268005EDFFE /* Assets.xcassets in Resources */ = {isa = PBXBuildFile; fileRef = DC7571E222103268005EDFFE /* Assets.xcassets */; };
		DC7571E622103268005EDFFE /* LaunchScreen.storyboard in Resources */ = {isa = PBXBuildFile; fileRef = DC7571E422103268005EDFFE /* LaunchScreen.storyboard */; };
		DC7571F4221032D0005EDFFE /* UIView-Extension.swift in Sources */ = {isa = PBXBuildFile; fileRef = DC7571EE221032D0005EDFFE /* UIView-Extension.swift */; };
		DC7571F5221032D0005EDFFE /* LoginVC.swift in Sources */ = {isa = PBXBuildFile; fileRef = DC7571F0221032D0005EDFFE /* LoginVC.swift */; };
		DC7571F6221032D0005EDFFE /* SignUpVC.swift in Sources */ = {isa = PBXBuildFile; fileRef = DC7571F1221032D0005EDFFE /* SignUpVC.swift */; };
		DC7571F8221033B9005EDFFE /* GoogleService-Info.plist in Resources */ = {isa = PBXBuildFile; fileRef = DC7571F7221033B9005EDFFE /* GoogleService-Info.plist */; };
		DC7817922220509E006FAE47 /* Constants.swift in Sources */ = {isa = PBXBuildFile; fileRef = DC7817912220509E006FAE47 /* Constants.swift */; };
		DC78179422206DCF006FAE47 /* FollowOrLikeVC.swift in Sources */ = {isa = PBXBuildFile; fileRef = DC78179322206DCF006FAE47 /* FollowOrLikeVC.swift */; };
		DC78179622206E3B006FAE47 /* FollowLikeCell.swift in Sources */ = {isa = PBXBuildFile; fileRef = DC78179522206E3B006FAE47 /* FollowLikeCell.swift */; };
		DC78179822208B7D006FAE47 /* Database-Extension.swift in Sources */ = {isa = PBXBuildFile; fileRef = DC78179722208B7D006FAE47 /* Database-Extension.swift */; };
		DC78179A2223F9CB006FAE47 /* SelectImageVC.swift in Sources */ = {isa = PBXBuildFile; fileRef = DC7817992223F9CB006FAE47 /* SelectImageVC.swift */; };
		DC78179C2223FAA0006FAE47 /* SelectPhotoCell.swift in Sources */ = {isa = PBXBuildFile; fileRef = DC78179B2223FAA0006FAE47 /* SelectPhotoCell.swift */; };
		DC78179E2223FAE3006FAE47 /* SelectPhotoHeader.swift in Sources */ = {isa = PBXBuildFile; fileRef = DC78179D2223FAE3006FAE47 /* SelectPhotoHeader.swift */; };
		DC7817A322242CC7006FAE47 /* Post.swift in Sources */ = {isa = PBXBuildFile; fileRef = DC7817A222242CC7006FAE47 /* Post.swift */; };
		DC7817A5222437C2006FAE47 /* UserPostCell.swift in Sources */ = {isa = PBXBuildFile; fileRef = DC7817A4222437C2006FAE47 /* UserPostCell.swift */; };
		DC7817A7222442CA006FAE47 /* CustomImageView.swift in Sources */ = {isa = PBXBuildFile; fileRef = DC7817A6222442CA006FAE47 /* CustomImageView.swift */; };
		DC7817A92226C22F006FAE47 /* FeedCell.swift in Sources */ = {isa = PBXBuildFile; fileRef = DC7817A82226C22F006FAE47 /* FeedCell.swift */; };
		DC7817AC22293420006FAE47 /* CommentVC.swift in Sources */ = {isa = PBXBuildFile; fileRef = DC7817AB22293420006FAE47 /* CommentVC.swift */; };
		DC7817AE222934CD006FAE47 /* CommentCell.swift in Sources */ = {isa = PBXBuildFile; fileRef = DC7817AD222934CD006FAE47 /* CommentCell.swift */; };
		DCC00005222946DE001D8CFD /* Comment.swift in Sources */ = {isa = PBXBuildFile; fileRef = DCC00004222946DE001D8CFD /* Comment.swift */; };
		DCC346B62214420A0004D591 /* MainTabVC.swift in Sources */ = {isa = PBXBuildFile; fileRef = DCC346B52214420A0004D591 /* MainTabVC.swift */; };
		DCC346B8221449030004D591 /* FeedVC.swift in Sources */ = {isa = PBXBuildFile; fileRef = DCC346B7221449030004D591 /* FeedVC.swift */; };
		DCC346BA2214491F0004D591 /* SearchVC.swift in Sources */ = {isa = PBXBuildFile; fileRef = DCC346B92214491F0004D591 /* SearchVC.swift */; };
		DCC346BC221449420004D591 /* UploadPostVC.swift in Sources */ = {isa = PBXBuildFile; fileRef = DCC346BB221449420004D591 /* UploadPostVC.swift */; };
		DCC346BE2214495A0004D591 /* NotificationVC.swift in Sources */ = {isa = PBXBuildFile; fileRef = DCC346BD2214495A0004D591 /* NotificationVC.swift */; };
		DCC346C02214496D0004D591 /* UserProfileVC.swift in Sources */ = {isa = PBXBuildFile; fileRef = DCC346BF2214496D0004D591 /* UserProfileVC.swift */; };
		DCC346C822145DB30004D591 /* UserProfileHeader.swift in Sources */ = {isa = PBXBuildFile; fileRef = DCC346C722145DB30004D591 /* UserProfileHeader.swift */; };
		DCC346CA2216E6710004D591 /* User.swift in Sources */ = {isa = PBXBuildFile; fileRef = DCC346C92216E6710004D591 /* User.swift */; };
		DCC346CE2216FE9B0004D591 /* SearchUserCell.swift in Sources */ = {isa = PBXBuildFile; fileRef = DCC346CD2216FE9B0004D591 /* SearchUserCell.swift */; };
		DCCF0E4A2237FA2800F4F55F /* NotificationCell.swift in Sources */ = {isa = PBXBuildFile; fileRef = DCCF0E492237FA2800F4F55F /* NotificationCell.swift */; };
		DCCF0E4D2238FA8E00F4F55F /* Notification.swift in Sources */ = {isa = PBXBuildFile; fileRef = DCCF0E4C2238FA8E00F4F55F /* Notification.swift */; };
		DCCF0E5122392BEE00F4F55F /* UIButton-Extension.swift in Sources */ = {isa = PBXBuildFile; fileRef = DCCF0E5022392BEE00F4F55F /* UIButton-Extension.swift */; };
		DCCF0E532239635800F4F55F /* SearchPostCell.swift in Sources */ = {isa = PBXBuildFile; fileRef = DCCF0E522239635700F4F55F /* SearchPostCell.swift */; };
/* End PBXBuildFile section */

/* Begin PBXFileReference section */
		2929B5FDCCA2CF6A112DD33D /* Pods_Instagram_Clone.framework */ = {isa = PBXFileReference; explicitFileType = wrapper.framework; includeInIndex = 0; path = Pods_Instagram_Clone.framework; sourceTree = BUILT_PRODUCTS_DIR; };
		7230132C9CAF95539C54D506 /* Pods-Instagram Clone.release.xcconfig */ = {isa = PBXFileReference; includeInIndex = 1; lastKnownFileType = text.xcconfig; name = "Pods-Instagram Clone.release.xcconfig"; path = "Pods/Target Support Files/Pods-Instagram Clone/Pods-Instagram Clone.release.xcconfig"; sourceTree = "<group>"; };
		DC261D3F2220265900A06218 /* Protocols.swift */ = {isa = PBXFileReference; lastKnownFileType = sourcecode.swift; path = Protocols.swift; sourceTree = "<group>"; };
		DC5A2C29223A7E36007BB7C2 /* MessagesVC.swift */ = {isa = PBXFileReference; lastKnownFileType = sourcecode.swift; path = MessagesVC.swift; sourceTree = "<group>"; };
		DC5A2C2B223A8046007BB7C2 /* MessageCell.swift */ = {isa = PBXFileReference; lastKnownFileType = sourcecode.swift; path = MessageCell.swift; sourceTree = "<group>"; };
		DC5A2C2E223A8828007BB7C2 /* NewMessageVC.swift */ = {isa = PBXFileReference; lastKnownFileType = sourcecode.swift; path = NewMessageVC.swift; sourceTree = "<group>"; };
		DC5A2C30223A88DE007BB7C2 /* NewMessageCell.swift */ = {isa = PBXFileReference; lastKnownFileType = sourcecode.swift; path = NewMessageCell.swift; sourceTree = "<group>"; };
		DC5A2C32223A9145007BB7C2 /* Message.swift */ = {isa = PBXFileReference; lastKnownFileType = sourcecode.swift; path = Message.swift; sourceTree = "<group>"; };
		DC5A2C34223A9349007BB7C2 /* ChatVC.swift */ = {isa = PBXFileReference; lastKnownFileType = sourcecode.swift; path = ChatVC.swift; sourceTree = "<group>"; };
		DC5A2C36223A94AA007BB7C2 /* ChatCell.swift */ = {isa = PBXFileReference; lastKnownFileType = sourcecode.swift; path = ChatCell.swift; sourceTree = "<group>"; };
		DC5A2C38223B0BED007BB7C2 /* UIColor-Extension.swift */ = {isa = PBXFileReference; lastKnownFileType = sourcecode.swift; path = "UIColor-Extension.swift"; sourceTree = "<group>"; };
		DC5A4699223FF4E000991636 /* HashtagVC.swift */ = {isa = PBXFileReference; lastKnownFileType = sourcecode.swift; path = HashtagVC.swift; sourceTree = "<group>"; };
		DC5A469B223FF6D400991636 /* HashtagCell.swift */ = {isa = PBXFileReference; lastKnownFileType = sourcecode.swift; path = HashtagCell.swift; sourceTree = "<group>"; };
		DC5A469D22403B6900991636 /* UIViewController-Extension.swift */ = {isa = PBXFileReference; lastKnownFileType = sourcecode.swift; path = "UIViewController-Extension.swift"; sourceTree = "<group>"; };
		DC7571D822103267005EDFFE /* Instagram Clone.app */ = {isa = PBXFileReference; explicitFileType = wrapper.application; includeInIndex = 0; path = "Instagram Clone.app"; sourceTree = BUILT_PRODUCTS_DIR; };
		DC7571DB22103267005EDFFE /* AppDelegate.swift */ = {isa = PBXFileReference; lastKnownFileType = sourcecode.swift; path = AppDelegate.swift; sourceTree = "<group>"; };
		DC7571E022103267005EDFFE /* Base */ = {isa = PBXFileReference; lastKnownFileType = file.storyboard; name = Base; path = Base.lproj/Main.storyboard; sourceTree = "<group>"; };
		DC7571E222103268005EDFFE /* Assets.xcassets */ = {isa = PBXFileReference; lastKnownFileType = folder.assetcatalog; path = Assets.xcassets; sourceTree = "<group>"; };
		DC7571E522103268005EDFFE /* Base */ = {isa = PBXFileReference; lastKnownFileType = file.storyboard; name = Base; path = Base.lproj/LaunchScreen.storyboard; sourceTree = "<group>"; };
		DC7571E722103268005EDFFE /* Info.plist */ = {isa = PBXFileReference; lastKnownFileType = text.plist.xml; path = Info.plist; sourceTree = "<group>"; };
		DC7571EE221032D0005EDFFE /* UIView-Extension.swift */ = {isa = PBXFileReference; fileEncoding = 4; lastKnownFileType = sourcecode.swift; path = "UIView-Extension.swift"; sourceTree = "<group>"; };
		DC7571F0221032D0005EDFFE /* LoginVC.swift */ = {isa = PBXFileReference; fileEncoding = 4; lastKnownFileType = sourcecode.swift; path = LoginVC.swift; sourceTree = "<group>"; };
		DC7571F1221032D0005EDFFE /* SignUpVC.swift */ = {isa = PBXFileReference; fileEncoding = 4; lastKnownFileType = sourcecode.swift; path = SignUpVC.swift; sourceTree = "<group>"; };
		DC7571F7221033B9005EDFFE /* GoogleService-Info.plist */ = {isa = PBXFileReference; fileEncoding = 4; lastKnownFileType = text.plist.xml; path = "GoogleService-Info.plist"; sourceTree = "<group>"; };
		DC7817912220509E006FAE47 /* Constants.swift */ = {isa = PBXFileReference; lastKnownFileType = sourcecode.swift; path = Constants.swift; sourceTree = "<group>"; };
		DC78179322206DCF006FAE47 /* FollowOrLikeVC.swift */ = {isa = PBXFileReference; lastKnownFileType = sourcecode.swift; path = FollowOrLikeVC.swift; sourceTree = "<group>"; };
		DC78179522206E3B006FAE47 /* FollowLikeCell.swift */ = {isa = PBXFileReference; lastKnownFileType = sourcecode.swift; path = FollowLikeCell.swift; sourceTree = "<group>"; };
		DC78179722208B7D006FAE47 /* Database-Extension.swift */ = {isa = PBXFileReference; lastKnownFileType = sourcecode.swift; path = "Database-Extension.swift"; sourceTree = "<group>"; };
		DC7817992223F9CB006FAE47 /* SelectImageVC.swift */ = {isa = PBXFileReference; lastKnownFileType = sourcecode.swift; path = SelectImageVC.swift; sourceTree = "<group>"; };
		DC78179B2223FAA0006FAE47 /* SelectPhotoCell.swift */ = {isa = PBXFileReference; lastKnownFileType = sourcecode.swift; path = SelectPhotoCell.swift; sourceTree = "<group>"; };
		DC78179D2223FAE3006FAE47 /* SelectPhotoHeader.swift */ = {isa = PBXFileReference; lastKnownFileType = sourcecode.swift; path = SelectPhotoHeader.swift; sourceTree = "<group>"; };
		DC7817A222242CC7006FAE47 /* Post.swift */ = {isa = PBXFileReference; lastKnownFileType = sourcecode.swift; path = Post.swift; sourceTree = "<group>"; };
		DC7817A4222437C2006FAE47 /* UserPostCell.swift */ = {isa = PBXFileReference; lastKnownFileType = sourcecode.swift; path = UserPostCell.swift; sourceTree = "<group>"; };
		DC7817A6222442CA006FAE47 /* CustomImageView.swift */ = {isa = PBXFileReference; lastKnownFileType = sourcecode.swift; path = CustomImageView.swift; sourceTree = "<group>"; };
		DC7817A82226C22F006FAE47 /* FeedCell.swift */ = {isa = PBXFileReference; lastKnownFileType = sourcecode.swift; path = FeedCell.swift; sourceTree = "<group>"; };
		DC7817AB22293420006FAE47 /* CommentVC.swift */ = {isa = PBXFileReference; lastKnownFileType = sourcecode.swift; path = CommentVC.swift; sourceTree = "<group>"; };
		DC7817AD222934CD006FAE47 /* CommentCell.swift */ = {isa = PBXFileReference; lastKnownFileType = sourcecode.swift; path = CommentCell.swift; sourceTree = "<group>"; };
		DCC00004222946DE001D8CFD /* Comment.swift */ = {isa = PBXFileReference; lastKnownFileType = sourcecode.swift; path = Comment.swift; sourceTree = "<group>"; };
		DCC346B52214420A0004D591 /* MainTabVC.swift */ = {isa = PBXFileReference; lastKnownFileType = sourcecode.swift; path = MainTabVC.swift; sourceTree = "<group>"; };
		DCC346B7221449030004D591 /* FeedVC.swift */ = {isa = PBXFileReference; lastKnownFileType = sourcecode.swift; path = FeedVC.swift; sourceTree = "<group>"; };
		DCC346B92214491F0004D591 /* SearchVC.swift */ = {isa = PBXFileReference; lastKnownFileType = sourcecode.swift; path = SearchVC.swift; sourceTree = "<group>"; };
		DCC346BB221449420004D591 /* UploadPostVC.swift */ = {isa = PBXFileReference; lastKnownFileType = sourcecode.swift; path = UploadPostVC.swift; sourceTree = "<group>"; };
		DCC346BD2214495A0004D591 /* NotificationVC.swift */ = {isa = PBXFileReference; lastKnownFileType = sourcecode.swift; path = NotificationVC.swift; sourceTree = "<group>"; };
		DCC346BF2214496D0004D591 /* UserProfileVC.swift */ = {isa = PBXFileReference; lastKnownFileType = sourcecode.swift; path = UserProfileVC.swift; sourceTree = "<group>"; };
		DCC346C722145DB30004D591 /* UserProfileHeader.swift */ = {isa = PBXFileReference; lastKnownFileType = sourcecode.swift; path = UserProfileHeader.swift; sourceTree = "<group>"; };
		DCC346C92216E6710004D591 /* User.swift */ = {isa = PBXFileReference; lastKnownFileType = sourcecode.swift; path = User.swift; sourceTree = "<group>"; };
		DCC346CD2216FE9B0004D591 /* SearchUserCell.swift */ = {isa = PBXFileReference; lastKnownFileType = sourcecode.swift; path = SearchUserCell.swift; sourceTree = "<group>"; };
		DCCF0E492237FA2800F4F55F /* NotificationCell.swift */ = {isa = PBXFileReference; lastKnownFileType = sourcecode.swift; path = NotificationCell.swift; sourceTree = "<group>"; };
		DCCF0E4C2238FA8E00F4F55F /* Notification.swift */ = {isa = PBXFileReference; lastKnownFileType = sourcecode.swift; path = Notification.swift; sourceTree = "<group>"; };
		DCCF0E4E2239295500F4F55F /* ru */ = {isa = PBXFileReference; lastKnownFileType = text.plist.strings; name = ru; path = ru.lproj/Main.strings; sourceTree = "<group>"; };
		DCCF0E4F2239295600F4F55F /* ru */ = {isa = PBXFileReference; lastKnownFileType = text.plist.strings; name = ru; path = ru.lproj/LaunchScreen.strings; sourceTree = "<group>"; };
		DCCF0E5022392BEE00F4F55F /* UIButton-Extension.swift */ = {isa = PBXFileReference; lastKnownFileType = sourcecode.swift; path = "UIButton-Extension.swift"; sourceTree = "<group>"; };
		DCCF0E522239635700F4F55F /* SearchPostCell.swift */ = {isa = PBXFileReference; lastKnownFileType = sourcecode.swift; path = SearchPostCell.swift; sourceTree = "<group>"; };
		F92EC2E8C0F937920FEC6BD5 /* Pods-Instagram Clone.debug.xcconfig */ = {isa = PBXFileReference; includeInIndex = 1; lastKnownFileType = text.xcconfig; name = "Pods-Instagram Clone.debug.xcconfig"; path = "Pods/Target Support Files/Pods-Instagram Clone/Pods-Instagram Clone.debug.xcconfig"; sourceTree = "<group>"; };
/* End PBXFileReference section */

/* Begin PBXFrameworksBuildPhase section */
		DC7571D522103267005EDFFE /* Frameworks */ = {
			isa = PBXFrameworksBuildPhase;
			buildActionMask = 2147483647;
			files = (
				D4020CE4B373E5A06DD00287 /* Pods_Instagram_Clone.framework in Frameworks */,
			);
			runOnlyForDeploymentPostprocessing = 0;
		};
/* End PBXFrameworksBuildPhase section */

/* Begin PBXGroup section */
		315959E6B0E89913CA5CB2AF /* Pods */ = {
			isa = PBXGroup;
			children = (
				F92EC2E8C0F937920FEC6BD5 /* Pods-Instagram Clone.debug.xcconfig */,
				7230132C9CAF95539C54D506 /* Pods-Instagram Clone.release.xcconfig */,
			);
			name = Pods;
			sourceTree = "<group>";
		};
		C98585D610E5CAB821C967EC /* Frameworks */ = {
			isa = PBXGroup;
			children = (
				2929B5FDCCA2CF6A112DD33D /* Pods_Instagram_Clone.framework */,
			);
			name = Frameworks;
			sourceTree = "<group>";
		};
		DC5A2C28223A7E16007BB7C2 /* Messages */ = {
			isa = PBXGroup;
			children = (
				DC5A2C29223A7E36007BB7C2 /* MessagesVC.swift */,
				DC5A2C2E223A8828007BB7C2 /* NewMessageVC.swift */,
				DC5A2C34223A9349007BB7C2 /* ChatVC.swift */,
			);
			path = Messages;
			sourceTree = "<group>";
		};
		DC5A2C2D223A804A007BB7C2 /* MessagesViews */ = {
			isa = PBXGroup;
			children = (
				DC5A2C2B223A8046007BB7C2 /* MessageCell.swift */,
				DC5A2C30223A88DE007BB7C2 /* NewMessageCell.swift */,
				DC5A2C36223A94AA007BB7C2 /* ChatCell.swift */,
			);
			path = MessagesViews;
			sourceTree = "<group>";
		};
		DC5A469F22403B8400991636 /* Extension */ = {
			isa = PBXGroup;
			children = (
				DC7571EE221032D0005EDFFE /* UIView-Extension.swift */,
				DC78179722208B7D006FAE47 /* Database-Extension.swift */,
				DCCF0E5022392BEE00F4F55F /* UIButton-Extension.swift */,
				DC5A2C38223B0BED007BB7C2 /* UIColor-Extension.swift */,
				DC5A469D22403B6900991636 /* UIViewController-Extension.swift */,
			);
			path = Extension;
			sourceTree = "<group>";
		};
		DC7571CF22103267005EDFFE = {
			isa = PBXGroup;
			children = (
				DC7571DA22103267005EDFFE /* Instagram Clone */,
				DC7571D922103267005EDFFE /* Products */,
				315959E6B0E89913CA5CB2AF /* Pods */,
				C98585D610E5CAB821C967EC /* Frameworks */,
			);
			sourceTree = "<group>";
		};
		DC7571D922103267005EDFFE /* Products */ = {
			isa = PBXGroup;
			children = (
				DC7571D822103267005EDFFE /* Instagram Clone.app */,
			);
			name = Products;
			sourceTree = "<group>";
		};
		DC7571DA22103267005EDFFE /* Instagram Clone */ = {
			isa = PBXGroup;
			children = (
				DC7571DB22103267005EDFFE /* AppDelegate.swift */,
				DC7571DF22103267005EDFFE /* Main.storyboard */,
				DC7571E222103268005EDFFE /* Assets.xcassets */,
				DC7571F2221032D0005EDFFE /* Model */,
				DC7571F3221032D0005EDFFE /* View */,
				DC7571EF221032D0005EDFFE /* Controller */,
				DC7571ED221032D0005EDFFE /* Tools */,
				DC7571E422103268005EDFFE /* LaunchScreen.storyboard */,
				DC7571E722103268005EDFFE /* Info.plist */,
				DC7571F7221033B9005EDFFE /* GoogleService-Info.plist */,
			);
			path = "Instagram Clone";
			sourceTree = "<group>";
		};
		DC7571ED221032D0005EDFFE /* Tools */ = {
			isa = PBXGroup;
			children = (
				DC5A469F22403B8400991636 /* Extension */,
				DC261D3F2220265900A06218 /* Protocols.swift */,
				DC7817912220509E006FAE47 /* Constants.swift */,
				DC7817A6222442CA006FAE47 /* CustomImageView.swift */,
			);
			path = Tools;
			sourceTree = "<group>";
		};
		DC7571EF221032D0005EDFFE /* Controller */ = {
			isa = PBXGroup;
			children = (
				DCC346C1221459260004D591 /* Login */,
				DCC346C2221459330004D591 /* Feed */,
				DCC346C32214593A0004D591 /* Search */,
				DCC346C4221459410004D591 /* UploadPost */,
				DCC346C52214594B0004D591 /* Notifications */,
				DCC346C6221459550004D591 /* UserProfile */,
				DC5A2C28223A7E16007BB7C2 /* Messages */,
				DCC346B52214420A0004D591 /* MainTabVC.swift */,
			);
			path = Controller;
			sourceTree = "<group>";
		};
		DC7571F2221032D0005EDFFE /* Model */ = {
			isa = PBXGroup;
			children = (
				DCC346C92216E6710004D591 /* User.swift */,
				DC7817A222242CC7006FAE47 /* Post.swift */,
				DCC00004222946DE001D8CFD /* Comment.swift */,
				DCCF0E4C2238FA8E00F4F55F /* Notification.swift */,
				DC5A2C32223A9145007BB7C2 /* Message.swift */,
			);
			path = Model;
			sourceTree = "<group>";
		};
		DC7571F3221032D0005EDFFE /* View */ = {
			isa = PBXGroup;
			children = (
				DC7817AA2226C235006FAE47 /* FeedViews */,
				DC7817A12223FB3E006FAE47 /* SearchViews */,
				DC78179F2223FB0E006FAE47 /* UploadPostViews */,
				DCCF0E4B2237FA4E00F4F55F /* NotificationViews */,
				DC7817A02223FB30006FAE47 /* UserProfileViews */,
				DC5A2C2D223A804A007BB7C2 /* MessagesViews */,
			);
			path = View;
			sourceTree = "<group>";
		};
		DC78179F2223FB0E006FAE47 /* UploadPostViews */ = {
			isa = PBXGroup;
			children = (
				DC78179B2223FAA0006FAE47 /* SelectPhotoCell.swift */,
				DC78179D2223FAE3006FAE47 /* SelectPhotoHeader.swift */,
			);
			path = UploadPostViews;
			sourceTree = "<group>";
		};
		DC7817A02223FB30006FAE47 /* UserProfileViews */ = {
			isa = PBXGroup;
			children = (
				DCC346C722145DB30004D591 /* UserProfileHeader.swift */,
				DC78179522206E3B006FAE47 /* FollowLikeCell.swift */,
				DC7817A4222437C2006FAE47 /* UserPostCell.swift */,
			);
			path = UserProfileViews;
			sourceTree = "<group>";
		};
		DC7817A12223FB3E006FAE47 /* SearchViews */ = {
			isa = PBXGroup;
			children = (
				DCC346CD2216FE9B0004D591 /* SearchUserCell.swift */,
				DCCF0E522239635700F4F55F /* SearchPostCell.swift */,
			);
			path = SearchViews;
			sourceTree = "<group>";
		};
		DC7817AA2226C235006FAE47 /* FeedViews */ = {
			isa = PBXGroup;
			children = (
				DC7817A82226C22F006FAE47 /* FeedCell.swift */,
				DC7817AD222934CD006FAE47 /* CommentCell.swift */,
				DC5A469B223FF6D400991636 /* HashtagCell.swift */,
			);
			path = FeedViews;
			sourceTree = "<group>";
		};
		DCC346C1221459260004D591 /* Login */ = {
			isa = PBXGroup;
			children = (
				DC7571F0221032D0005EDFFE /* LoginVC.swift */,
				DC7571F1221032D0005EDFFE /* SignUpVC.swift */,
			);
			path = Login;
			sourceTree = "<group>";
		};
		DCC346C2221459330004D591 /* Feed */ = {
			isa = PBXGroup;
			children = (
				DCC346B7221449030004D591 /* FeedVC.swift */,
				DC7817AB22293420006FAE47 /* CommentVC.swift */,
				DC5A4699223FF4E000991636 /* HashtagVC.swift */,
			);
			path = Feed;
			sourceTree = "<group>";
		};
		DCC346C32214593A0004D591 /* Search */ = {
			isa = PBXGroup;
			children = (
				DCC346B92214491F0004D591 /* SearchVC.swift */,
			);
			path = Search;
			sourceTree = "<group>";
		};
		DCC346C4221459410004D591 /* UploadPost */ = {
			isa = PBXGroup;
			children = (
				DCC346BB221449420004D591 /* UploadPostVC.swift */,
				DC7817992223F9CB006FAE47 /* SelectImageVC.swift */,
			);
			path = UploadPost;
			sourceTree = "<group>";
		};
		DCC346C52214594B0004D591 /* Notifications */ = {
			isa = PBXGroup;
			children = (
				DCC346BD2214495A0004D591 /* NotificationVC.swift */,
			);
			path = Notifications;
			sourceTree = "<group>";
		};
		DCC346C6221459550004D591 /* UserProfile */ = {
			isa = PBXGroup;
			children = (
				DCC346BF2214496D0004D591 /* UserProfileVC.swift */,
				DC78179322206DCF006FAE47 /* FollowOrLikeVC.swift */,
			);
			path = UserProfile;
			sourceTree = "<group>";
		};
		DCCF0E4B2237FA4E00F4F55F /* NotificationViews */ = {
			isa = PBXGroup;
			children = (
				DCCF0E492237FA2800F4F55F /* NotificationCell.swift */,
			);
			path = NotificationViews;
			sourceTree = "<group>";
		};
/* End PBXGroup section */

/* Begin PBXNativeTarget section */
		DC7571D722103267005EDFFE /* Instagram Clone */ = {
			isa = PBXNativeTarget;
			buildConfigurationList = DC7571EA22103268005EDFFE /* Build configuration list for PBXNativeTarget "Instagram Clone" */;
			buildPhases = (
				BFBE94A065B0A88F6C61BB40 /* [CP] Check Pods Manifest.lock */,
				DC7571D422103267005EDFFE /* Sources */,
				DC7571D522103267005EDFFE /* Frameworks */,
				DC7571D622103267005EDFFE /* Resources */,
				2321351029B29DC475E5EF3D /* [CP] Embed Pods Frameworks */,
			);
			buildRules = (
			);
			dependencies = (
			);
			name = "Instagram Clone";
			productName = "Instagram Clone";
			productReference = DC7571D822103267005EDFFE /* Instagram Clone.app */;
			productType = "com.apple.product-type.application";
		};
/* End PBXNativeTarget section */

/* Begin PBXProject section */
		DC7571D022103267005EDFFE /* Project object */ = {
			isa = PBXProject;
			attributes = {
				LastSwiftUpdateCheck = 1010;
				LastUpgradeCheck = 1010;
				ORGANIZATIONNAME = "Даниил Омельчук";
				TargetAttributes = {
					DC7571D722103267005EDFFE = {
						CreatedOnToolsVersion = 10.1;
					};
				};
			};
			buildConfigurationList = DC7571D322103267005EDFFE /* Build configuration list for PBXProject "Instagram Clone" */;
			compatibilityVersion = "Xcode 9.3";
			developmentRegion = en;
			hasScannedForEncodings = 0;
			knownRegions = (
				en,
				Base,
			);
			mainGroup = DC7571CF22103267005EDFFE;
			productRefGroup = DC7571D922103267005EDFFE /* Products */;
			projectDirPath = "";
			projectRoot = "";
			targets = (
				DC7571D722103267005EDFFE /* Instagram Clone */,
			);
		};
/* End PBXProject section */

/* Begin PBXResourcesBuildPhase section */
		DC7571D622103267005EDFFE /* Resources */ = {
			isa = PBXResourcesBuildPhase;
			buildActionMask = 2147483647;
			files = (
				DC7571E622103268005EDFFE /* LaunchScreen.storyboard in Resources */,
				DC7571F8221033B9005EDFFE /* GoogleService-Info.plist in Resources */,
				DC7571E322103268005EDFFE /* Assets.xcassets in Resources */,
				DC7571E122103267005EDFFE /* Main.storyboard in Resources */,
			);
			runOnlyForDeploymentPostprocessing = 0;
		};
/* End PBXResourcesBuildPhase section */

/* Begin PBXShellScriptBuildPhase section */
		2321351029B29DC475E5EF3D /* [CP] Embed Pods Frameworks */ = {
			isa = PBXShellScriptBuildPhase;
			buildActionMask = 2147483647;
			files = (
			);
			inputFileListPaths = (
			);
			inputPaths = (
				"${SRCROOT}/Pods/Target Support Files/Pods-Instagram Clone/Pods-Instagram Clone-frameworks.sh",
				"${BUILT_PRODUCTS_DIR}/ActiveLabel/ActiveLabel.framework",
				"${BUILT_PRODUCTS_DIR}/GTMSessionFetcher/GTMSessionFetcher.framework",
				"${BUILT_PRODUCTS_DIR}/GoogleUtilities/GoogleUtilities.framework",
				"${BUILT_PRODUCTS_DIR}/leveldb-library/leveldb.framework",
				"${BUILT_PRODUCTS_DIR}/nanopb/nanopb.framework",
			);
			name = "[CP] Embed Pods Frameworks";
			outputFileListPaths = (
			);
			outputPaths = (
				"${TARGET_BUILD_DIR}/${FRAMEWORKS_FOLDER_PATH}/ActiveLabel.framework",
				"${TARGET_BUILD_DIR}/${FRAMEWORKS_FOLDER_PATH}/GTMSessionFetcher.framework",
				"${TARGET_BUILD_DIR}/${FRAMEWORKS_FOLDER_PATH}/GoogleUtilities.framework",
				"${TARGET_BUILD_DIR}/${FRAMEWORKS_FOLDER_PATH}/leveldb.framework",
				"${TARGET_BUILD_DIR}/${FRAMEWORKS_FOLDER_PATH}/nanopb.framework",
			);
			runOnlyForDeploymentPostprocessing = 0;
			shellPath = /bin/sh;
			shellScript = "\"${SRCROOT}/Pods/Target Support Files/Pods-Instagram Clone/Pods-Instagram Clone-frameworks.sh\"\n";
			showEnvVarsInLog = 0;
		};
		BFBE94A065B0A88F6C61BB40 /* [CP] Check Pods Manifest.lock */ = {
			isa = PBXShellScriptBuildPhase;
			buildActionMask = 2147483647;
			files = (
			);
			inputFileListPaths = (
			);
			inputPaths = (
				"${PODS_PODFILE_DIR_PATH}/Podfile.lock",
				"${PODS_ROOT}/Manifest.lock",
			);
			name = "[CP] Check Pods Manifest.lock";
			outputFileListPaths = (
			);
			outputPaths = (
				"$(DERIVED_FILE_DIR)/Pods-Instagram Clone-checkManifestLockResult.txt",
			);
			runOnlyForDeploymentPostprocessing = 0;
			shellPath = /bin/sh;
			shellScript = "diff \"${PODS_PODFILE_DIR_PATH}/Podfile.lock\" \"${PODS_ROOT}/Manifest.lock\" > /dev/null\nif [ $? != 0 ] ; then\n    # print error to STDERR\n    echo \"error: The sandbox is not in sync with the Podfile.lock. Run 'pod install' or update your CocoaPods installation.\" >&2\n    exit 1\nfi\n# This output is used by Xcode 'outputs' to avoid re-running this script phase.\necho \"SUCCESS\" > \"${SCRIPT_OUTPUT_FILE_0}\"\n";
			showEnvVarsInLog = 0;
		};
/* End PBXShellScriptBuildPhase section */

/* Begin PBXSourcesBuildPhase section */
		DC7571D422103267005EDFFE /* Sources */ = {
			isa = PBXSourcesBuildPhase;
			buildActionMask = 2147483647;
			files = (
				DC261D402220265900A06218 /* Protocols.swift in Sources */,
				DC5A2C39223B0BED007BB7C2 /* UIColor-Extension.swift in Sources */,
				DCC346CE2216FE9B0004D591 /* SearchUserCell.swift in Sources */,
				DC5A2C35223A9349007BB7C2 /* ChatVC.swift in Sources */,
				DC5A2C31223A88DE007BB7C2 /* NewMessageCell.swift in Sources */,
				DCC346C822145DB30004D591 /* UserProfileHeader.swift in Sources */,
				DC5A469E22403B6900991636 /* UIViewController-Extension.swift in Sources */,
				DCC00005222946DE001D8CFD /* Comment.swift in Sources */,
				DCC346B8221449030004D591 /* FeedVC.swift in Sources */,
				DC78179822208B7D006FAE47 /* Database-Extension.swift in Sources */,
				DC5A2C2F223A8828007BB7C2 /* NewMessageVC.swift in Sources */,
				DCC346BE2214495A0004D591 /* NotificationVC.swift in Sources */,
				DCC346BC221449420004D591 /* UploadPostVC.swift in Sources */,
				DC7817922220509E006FAE47 /* Constants.swift in Sources */,
				DCC346C02214496D0004D591 /* UserProfileVC.swift in Sources */,
				DC78179A2223F9CB006FAE47 /* SelectImageVC.swift in Sources */,
				DCCF0E532239635800F4F55F /* SearchPostCell.swift in Sources */,
				DC5A2C2A223A7E36007BB7C2 /* MessagesVC.swift in Sources */,
				DC78179E2223FAE3006FAE47 /* SelectPhotoHeader.swift in Sources */,
				DC7817A322242CC7006FAE47 /* Post.swift in Sources */,
				DC7817AC22293420006FAE47 /* CommentVC.swift in Sources */,
				DC5A469C223FF6D400991636 /* HashtagCell.swift in Sources */,
				DC7571F6221032D0005EDFFE /* SignUpVC.swift in Sources */,
				DC5A2C2C223A8046007BB7C2 /* MessageCell.swift in Sources */,
				DCCF0E5122392BEE00F4F55F /* UIButton-Extension.swift in Sources */,
				DC7817AE222934CD006FAE47 /* CommentCell.swift in Sources */,
				DC5A2C37223A94AA007BB7C2 /* ChatCell.swift in Sources */,
				DC7571DC22103267005EDFFE /* AppDelegate.swift in Sources */,
				DC5A469A223FF4E000991636 /* HashtagVC.swift in Sources */,
				DC7571F4221032D0005EDFFE /* UIView-Extension.swift in Sources */,
				DCC346CA2216E6710004D591 /* User.swift in Sources */,
				DC78179422206DCF006FAE47 /* FollowOrLikeVC.swift in Sources */,
				DC7817A5222437C2006FAE47 /* UserPostCell.swift in Sources */,
				DCCF0E4A2237FA2800F4F55F /* NotificationCell.swift in Sources */,
				DC5A2C33223A9145007BB7C2 /* Message.swift in Sources */,
				DC78179C2223FAA0006FAE47 /* SelectPhotoCell.swift in Sources */,
				DCC346B62214420A0004D591 /* MainTabVC.swift in Sources */,
				DC7571F5221032D0005EDFFE /* LoginVC.swift in Sources */,
				DC7817A92226C22F006FAE47 /* FeedCell.swift in Sources */,
				DCCF0E4D2238FA8E00F4F55F /* Notification.swift in Sources */,
				DC78179622206E3B006FAE47 /* FollowLikeCell.swift in Sources */,
				DCC346BA2214491F0004D591 /* SearchVC.swift in Sources */,
				DC7817A7222442CA006FAE47 /* CustomImageView.swift in Sources */,
			);
			runOnlyForDeploymentPostprocessing = 0;
		};
/* End PBXSourcesBuildPhase section */

/* Begin PBXVariantGroup section */
		DC7571DF22103267005EDFFE /* Main.storyboard */ = {
			isa = PBXVariantGroup;
			children = (
				DC7571E022103267005EDFFE /* Base */,
				DCCF0E4E2239295500F4F55F /* ru */,
			);
			name = Main.storyboard;
			sourceTree = "<group>";
		};
		DC7571E422103268005EDFFE /* LaunchScreen.storyboard */ = {
			isa = PBXVariantGroup;
			children = (
				DC7571E522103268005EDFFE /* Base */,
				DCCF0E4F2239295600F4F55F /* ru */,
			);
			name = LaunchScreen.storyboard;
			sourceTree = "<group>";
		};
/* End PBXVariantGroup section */

/* Begin XCBuildConfiguration section */
		DC7571E822103268005EDFFE /* Debug */ = {
			isa = XCBuildConfiguration;
			buildSettings = {
				ALWAYS_SEARCH_USER_PATHS = NO;
				CLANG_ANALYZER_LOCALIZABILITY_NONLOCALIZED = YES;
				CLANG_ANALYZER_NONNULL = YES;
				CLANG_ANALYZER_NUMBER_OBJECT_CONVERSION = YES_AGGRESSIVE;
				CLANG_CXX_LANGUAGE_STANDARD = "gnu++14";
				CLANG_CXX_LIBRARY = "libc++";
				CLANG_ENABLE_MODULES = YES;
				CLANG_ENABLE_OBJC_ARC = YES;
				CLANG_ENABLE_OBJC_WEAK = YES;
				CLANG_WARN_BLOCK_CAPTURE_AUTORELEASING = YES;
				CLANG_WARN_BOOL_CONVERSION = YES;
				CLANG_WARN_COMMA = YES;
				CLANG_WARN_CONSTANT_CONVERSION = YES;
				CLANG_WARN_DEPRECATED_OBJC_IMPLEMENTATIONS = YES;
				CLANG_WARN_DIRECT_OBJC_ISA_USAGE = YES_ERROR;
				CLANG_WARN_DOCUMENTATION_COMMENTS = YES;
				CLANG_WARN_EMPTY_BODY = YES;
				CLANG_WARN_ENUM_CONVERSION = YES;
				CLANG_WARN_INFINITE_RECURSION = YES;
				CLANG_WARN_INT_CONVERSION = YES;
				CLANG_WARN_NON_LITERAL_NULL_CONVERSION = YES;
				CLANG_WARN_OBJC_IMPLICIT_RETAIN_SELF = YES;
				CLANG_WARN_OBJC_LITERAL_CONVERSION = YES;
				CLANG_WARN_OBJC_ROOT_CLASS = YES_ERROR;
				CLANG_WARN_RANGE_LOOP_ANALYSIS = YES;
				CLANG_WARN_STRICT_PROTOTYPES = YES;
				CLANG_WARN_SUSPICIOUS_MOVE = YES;
				CLANG_WARN_UNGUARDED_AVAILABILITY = YES_AGGRESSIVE;
				CLANG_WARN_UNREACHABLE_CODE = YES;
				CLANG_WARN__DUPLICATE_METHOD_MATCH = YES;
				CODE_SIGN_IDENTITY = "iPhone Developer";
				COPY_PHASE_STRIP = NO;
				DEBUG_INFORMATION_FORMAT = dwarf;
				ENABLE_STRICT_OBJC_MSGSEND = YES;
				ENABLE_TESTABILITY = YES;
				GCC_C_LANGUAGE_STANDARD = gnu11;
				GCC_DYNAMIC_NO_PIC = NO;
				GCC_NO_COMMON_BLOCKS = YES;
				GCC_OPTIMIZATION_LEVEL = 0;
				GCC_PREPROCESSOR_DEFINITIONS = (
					"DEBUG=1",
					"$(inherited)",
				);
				GCC_WARN_64_TO_32_BIT_CONVERSION = YES;
				GCC_WARN_ABOUT_RETURN_TYPE = YES_ERROR;
				GCC_WARN_UNDECLARED_SELECTOR = YES;
				GCC_WARN_UNINITIALIZED_AUTOS = YES_AGGRESSIVE;
				GCC_WARN_UNUSED_FUNCTION = YES;
				GCC_WARN_UNUSED_VARIABLE = YES;
				IPHONEOS_DEPLOYMENT_TARGET = 12.1;
				MTL_ENABLE_DEBUG_INFO = INCLUDE_SOURCE;
				MTL_FAST_MATH = YES;
				ONLY_ACTIVE_ARCH = YES;
				SDKROOT = iphoneos;
				SWIFT_ACTIVE_COMPILATION_CONDITIONS = DEBUG;
				SWIFT_OPTIMIZATION_LEVEL = "-Onone";
			};
			name = Debug;
		};
		DC7571E922103268005EDFFE /* Release */ = {
			isa = XCBuildConfiguration;
			buildSettings = {
				ALWAYS_SEARCH_USER_PATHS = NO;
				CLANG_ANALYZER_LOCALIZABILITY_NONLOCALIZED = YES;
				CLANG_ANALYZER_NONNULL = YES;
				CLANG_ANALYZER_NUMBER_OBJECT_CONVERSION = YES_AGGRESSIVE;
				CLANG_CXX_LANGUAGE_STANDARD = "gnu++14";
				CLANG_CXX_LIBRARY = "libc++";
				CLANG_ENABLE_MODULES = YES;
				CLANG_ENABLE_OBJC_ARC = YES;
				CLANG_ENABLE_OBJC_WEAK = YES;
				CLANG_WARN_BLOCK_CAPTURE_AUTORELEASING = YES;
				CLANG_WARN_BOOL_CONVERSION = YES;
				CLANG_WARN_COMMA = YES;
				CLANG_WARN_CONSTANT_CONVERSION = YES;
				CLANG_WARN_DEPRECATED_OBJC_IMPLEMENTATIONS = YES;
				CLANG_WARN_DIRECT_OBJC_ISA_USAGE = YES_ERROR;
				CLANG_WARN_DOCUMENTATION_COMMENTS = YES;
				CLANG_WARN_EMPTY_BODY = YES;
				CLANG_WARN_ENUM_CONVERSION = YES;
				CLANG_WARN_INFINITE_RECURSION = YES;
				CLANG_WARN_INT_CONVERSION = YES;
				CLANG_WARN_NON_LITERAL_NULL_CONVERSION = YES;
				CLANG_WARN_OBJC_IMPLICIT_RETAIN_SELF = YES;
				CLANG_WARN_OBJC_LITERAL_CONVERSION = YES;
				CLANG_WARN_OBJC_ROOT_CLASS = YES_ERROR;
				CLANG_WARN_RANGE_LOOP_ANALYSIS = YES;
				CLANG_WARN_STRICT_PROTOTYPES = YES;
				CLANG_WARN_SUSPICIOUS_MOVE = YES;
				CLANG_WARN_UNGUARDED_AVAILABILITY = YES_AGGRESSIVE;
				CLANG_WARN_UNREACHABLE_CODE = YES;
				CLANG_WARN__DUPLICATE_METHOD_MATCH = YES;
				CODE_SIGN_IDENTITY = "iPhone Developer";
				COPY_PHASE_STRIP = NO;
				DEBUG_INFORMATION_FORMAT = "dwarf-with-dsym";
				ENABLE_NS_ASSERTIONS = NO;
				ENABLE_STRICT_OBJC_MSGSEND = YES;
				GCC_C_LANGUAGE_STANDARD = gnu11;
				GCC_NO_COMMON_BLOCKS = YES;
				GCC_WARN_64_TO_32_BIT_CONVERSION = YES;
				GCC_WARN_ABOUT_RETURN_TYPE = YES_ERROR;
				GCC_WARN_UNDECLARED_SELECTOR = YES;
				GCC_WARN_UNINITIALIZED_AUTOS = YES_AGGRESSIVE;
				GCC_WARN_UNUSED_FUNCTION = YES;
				GCC_WARN_UNUSED_VARIABLE = YES;
				IPHONEOS_DEPLOYMENT_TARGET = 12.1;
				MTL_ENABLE_DEBUG_INFO = NO;
				MTL_FAST_MATH = YES;
				SDKROOT = iphoneos;
				SWIFT_COMPILATION_MODE = wholemodule;
				SWIFT_OPTIMIZATION_LEVEL = "-O";
				VALIDATE_PRODUCT = YES;
			};
			name = Release;
		};
		DC7571EB22103268005EDFFE /* Debug */ = {
			isa = XCBuildConfiguration;
			baseConfigurationReference = F92EC2E8C0F937920FEC6BD5 /* Pods-Instagram Clone.debug.xcconfig */;
			buildSettings = {
				ASSETCATALOG_COMPILER_APPICON_NAME = AppIcon;
				CODE_SIGN_STYLE = Automatic;
				DEVELOPMENT_TEAM = NGS2FL434N;
				INFOPLIST_FILE = "Instagram Clone/Info.plist";
				LD_RUNPATH_SEARCH_PATHS = (
					"$(inherited)",
					"@executable_path/Frameworks",
				);
				PRODUCT_BUNDLE_IDENTIFIER = "ru.DanielGreen.Instagram-Clone";
				PRODUCT_NAME = "$(TARGET_NAME)";
				SWIFT_VERSION = 4.2;
				TARGETED_DEVICE_FAMILY = "1,2";
			};
			name = Debug;
		};
		DC7571EC22103268005EDFFE /* Release */ = {
			isa = XCBuildConfiguration;
			baseConfigurationReference = 7230132C9CAF95539C54D506 /* Pods-Instagram Clone.release.xcconfig */;
			buildSettings = {
				ASSETCATALOG_COMPILER_APPICON_NAME = AppIcon;
				CODE_SIGN_STYLE = Automatic;
				DEVELOPMENT_TEAM = NGS2FL434N;
				INFOPLIST_FILE = "Instagram Clone/Info.plist";
				LD_RUNPATH_SEARCH_PATHS = (
					"$(inherited)",
					"@executable_path/Frameworks",
				);
				PRODUCT_BUNDLE_IDENTIFIER = "ru.DanielGreen.Instagram-Clone";
				PRODUCT_NAME = "$(TARGET_NAME)";
				SWIFT_VERSION = 4.2;
				TARGETED_DEVICE_FAMILY = "1,2";
			};
			name = Release;
		};
/* End XCBuildConfiguration section */

/* Begin XCConfigurationList section */
		DC7571D322103267005EDFFE /* Build configuration list for PBXProject "Instagram Clone" */ = {
			isa = XCConfigurationList;
			buildConfigurations = (
				DC7571E822103268005EDFFE /* Debug */,
				DC7571E922103268005EDFFE /* Release */,
			);
			defaultConfigurationIsVisible = 0;
			defaultConfigurationName = Release;
		};
		DC7571EA22103268005EDFFE /* Build configuration list for PBXNativeTarget "Instagram Clone" */ = {
			isa = XCConfigurationList;
			buildConfigurations = (
				DC7571EB22103268005EDFFE /* Debug */,
				DC7571EC22103268005EDFFE /* Release */,
			);
			defaultConfigurationIsVisible = 0;
			defaultConfigurationName = Release;
		};
/* End XCConfigurationList section */
	};
	rootObject = DC7571D022103267005EDFFE /* Project object */;
}
